
Microsoft Visual Studio Solution File, Format Version 12.00
# Visual Studio Version 16
VisualStudioVersion = 16.0.30503.244
MinimumVisualStudioVersion = 10.0.40219.1
Project("{FAE04EC0-301F-11D3-BF4B-00C04F79EFBC}") = "PM03 Menchikova", "PM03 Menchikova.csproj", "{B9DD54C2-05F8-4541-887D-3527213D3DC1}"
EndProject
Global
	GlobalSection(SolutionConfigurationPlatforms) = preSolution
		Debug|Any CPU = Debug|Any CPU
		Release|Any CPU = Release|Any CPU
	EndGlobalSection
	GlobalSection(ProjectConfigurationPlatforms) = postSolution
		{B9DD54C2-05F8-4541-887D-3527213D3DC1}.Debug|Any CPU.ActiveCfg = Debug|Any CPU
		{B9DD54C2-05F8-4541-887D-3527213D3DC1}.Debug|Any CPU.Build.0 = Debug|Any CPU
		{B9DD54C2-05F8-4541-887D-3527213D3DC1}.Release|Any CPU.ActiveCfg = Release|Any CPU
		{B9DD54C2-05F8-4541-887D-3527213D3DC1}.Release|Any CPU.Build.0 = Release|Any CPU
	EndGlobalSection
	GlobalSection(SolutionProperties) = preSolution
		HideSolutionNode = FALSE
	EndGlobalSection
	GlobalSection(ExtensibilityGlobals) = postSolution
		SolutionGuid = {2B9E8081-F082-45FC-AA3A-126EE493F6EA}
	EndGlobalSection
EndGlobal
